{
  "name": "2_1_Procedure",
  "lockfileVersion": 2,
  "requires": true,
  "packages": {
    "": {
      "dependencies": {
        "@jspsych/plugin-html-button-response": "^1.1.0",
        "@jspsych/plugin-html-keyboard-response": "^1.1.0",
        "@jspsych/plugin-instructions": "^1.1.0",
        "@jspsych/plugin-survey-html-form": "^1.0.1",
        "jquery": "^3.6.0",
        "jspsych": "^7.2.1",
        "jspsych_social_association_learning_task": "^0.0.2"
      }
    },
    "node_modules/@jspsych/plugin-html-button-response": {
      "version": "1.1.0",
      "resolved": "https://registry.npmjs.org/@jspsych/plugin-html-button-response/-/plugin-html-button-response-1.1.0.tgz",
      "integrity": "sha512-2L+5hR8x8ZtONq6VTsrWCpZYNNrNYpz1qrSGvMhiXeNFzy/PTPvpeepBbqnCGAxThZdbVpTEYi5LcOsh4SX/7Q==",
      "peerDependencies": {
        "jspsych": ">=7.1.0"
      }
    },
    "node_modules/@jspsych/plugin-html-keyboard-response": {
      "version": "1.1.0",
      "resolved": "https://registry.npmjs.org/@jspsych/plugin-html-keyboard-response/-/plugin-html-keyboard-response-1.1.0.tgz",
      "integrity": "sha512-oyB97ntzQLbdX5Kvn2RqEmhuPKNQAaxs4i5/4M5DkVQrIuY7+pY5d1neOYdcPZqNiyd5Xih2t9NRN3DgiFq2+A==",
      "peerDependencies": {
        "jspsych": ">=7.1.0"
      }
    },
    "node_modules/@jspsych/plugin-instructions": {
      "version": "1.1.0",
      "resolved": "https://registry.npmjs.org/@jspsych/plugin-instructions/-/plugin-instructions-1.1.0.tgz",
      "integrity": "sha512-S7Zj1w24LELhydachKToBPZ+Zhl3GRGYHpjW5VdcQrbBWHhhkuZllXlGArx0HQEMO64RSqQ2is/DBLYz5NNu/w==",
      "peerDependencies": {
        "jspsych": ">=7.1.0"
      }
    },
    "node_modules/@jspsych/plugin-preload": {
      "version": "1.1.0",
      "resolved": "https://registry.npmjs.org/@jspsych/plugin-preload/-/plugin-preload-1.1.0.tgz",
      "integrity": "sha512-fAuAi9t+gHxwjwFyxVeeDxe6w8NYzRn9J7mBDIfPu5sOTrhr5eHQU9EQkAS5MYqVQeKPhhzoIyTx57vS/Qbqzw==",
      "peerDependencies": {
        "jspsych": ">=7.1.0"
      }
    },
    "node_modules/@jspsych/plugin-survey-html-form": {
      "version": "1.0.1",
      "resolved": "https://registry.npmjs.org/@jspsych/plugin-survey-html-form/-/plugin-survey-html-form-1.0.1.tgz",
      "integrity": "sha512-Cl4SUa9HAA35OFa2xQ8JVmhYX57FbFITp4c/lj+ffo5m8YmfNg6l+zgCm+Rzmam9sCYXSXUanVhSCXCVUsNBPA==",
      "peerDependencies": {
        "jspsych": ">=7.1.0"
      }
    },
    "node_modules/auto-bind": {
      "version": "4.0.0",
      "resolved": "https://registry.npmjs.org/auto-bind/-/auto-bind-4.0.0.tgz",
      "integrity": "sha512-Hdw8qdNiqdJ8LqT0iK0sVzkFbzg6fhnQqqfWhBDxcHZvU75+B+ayzTy8x+k5Ix0Y92XOhOUlx74ps+bA6BeYMQ==",
      "engines": {
        "node": ">=8"
      },
      "funding": {
        "url": "https://github.com/sponsors/sindresorhus"
      }
    },
    "node_modules/jquery": {
      "version": "3.6.0",
      "resolved": "https://registry.npmjs.org/jquery/-/jquery-3.6.0.tgz",
      "integrity": "sha512-JVzAR/AjBvVt2BmYhxRCSYysDsPcssdmTFnzyLEts9qNwmjmu4JTAMYubEfwVOSwpQ1I1sKKFcxhZCI2buerfw=="
    },
    "node_modules/jspsych": {
      "version": "7.2.1",
      "resolved": "https://registry.npmjs.org/jspsych/-/jspsych-7.2.1.tgz",
      "integrity": "sha512-226/vyFNL60WoLzS9tqZXm2xWD96+G5xIq7lVTOFWkGlkriqgCoWb+nzW+ZsA/z5wUk1qxsN8Ds4nnBrqFp8Hw==",
      "dependencies": {
        "auto-bind": "^4.0.0",
        "random-words": "^1.1.1",
        "seedrandom": "^3.0.5"
      }
    },
    "node_modules/jspsych_social_association_learning_task": {
      "version": "0.0.2",
      "resolved": "https://registry.npmjs.org/jspsych_social_association_learning_task/-/jspsych_social_association_learning_task-0.0.2.tgz",
      "integrity": "sha512-ofoYLReSlQnE1WS9zLSc96CLDN2cwhtv7h/g0BwbJi0U6cQhD/eqRQ3g/WO27Ehy0RYQXJ3SC7QfBUYyUOqyhQ==",
      "dependencies": {
        "@jspsych/plugin-preload": "^1.1.0",
        "jspsych": "^7.2.1"
      }
    },
    "node_modules/random-words": {
      "version": "1.1.2",
      "resolved": "https://registry.npmjs.org/random-words/-/random-words-1.1.2.tgz",
      "integrity": "sha512-GwgC+Yu+D5/044grf2QqaYk3ZrQip7yfgvkj/6bJ3H3B3KrE7qoNPbWaYd06hrigqAkrPzNVEpRlnBaNx4bDuA=="
    },
    "node_modules/seedrandom": {
      "version": "3.0.5",
      "resolved": "https://registry.npmjs.org/seedrandom/-/seedrandom-3.0.5.tgz",
      "integrity": "sha512-8OwmbklUNzwezjGInmZ+2clQmExQPvomqjL7LFqOYqtmuxRgQYqOD3mHaU+MvZn5FLUeVxVfQjwLZW/n/JFuqg=="
    }
  },
  "dependencies": {
    "@jspsych/plugin-html-button-response": {
      "version": "1.1.0",
      "resolved": "https://registry.npmjs.org/@jspsych/plugin-html-button-response/-/plugin-html-button-response-1.1.0.tgz",
      "integrity": "sha512-2L+5hR8x8ZtONq6VTsrWCpZYNNrNYpz1qrSGvMhiXeNFzy/PTPvpeepBbqnCGAxThZdbVpTEYi5LcOsh4SX/7Q==",
      "requires": {}
    },
    "@jspsych/plugin-html-keyboard-response": {
      "version": "1.1.0",
      "resolved": "https://registry.npmjs.org/@jspsych/plugin-html-keyboard-response/-/plugin-html-keyboard-response-1.1.0.tgz",
      "integrity": "sha512-oyB97ntzQLbdX5Kvn2RqEmhuPKNQAaxs4i5/4M5DkVQrIuY7+pY5d1neOYdcPZqNiyd5Xih2t9NRN3DgiFq2+A==",
      "requires": {}
    },
    "@jspsych/plugin-instructions": {
      "version": "1.1.0",
      "resolved": "https://registry.npmjs.org/@jspsych/plugin-instructions/-/plugin-instructions-1.1.0.tgz",
      "integrity": "sha512-S7Zj1w24LELhydachKToBPZ+Zhl3GRGYHpjW5VdcQrbBWHhhkuZllXlGArx0HQEMO64RSqQ2is/DBLYz5NNu/w==",
      "requires": {}
    },
    "@jspsych/plugin-preload": {
      "version": "1.1.0",
      "resolved": "https://registry.npmjs.org/@jspsych/plugin-preload/-/plugin-preload-1.1.0.tgz",
      "integrity": "sha512-fAuAi9t+gHxwjwFyxVeeDxe6w8NYzRn9J7mBDIfPu5sOTrhr5eHQU9EQkAS5MYqVQeKPhhzoIyTx57vS/Qbqzw==",
      "requires": {}
    },
    "@jspsych/plugin-survey-html-form": {
      "version": "1.0.1",
      "resolved": "https://registry.npmjs.org/@jspsych/plugin-survey-html-form/-/plugin-survey-html-form-1.0.1.tgz",
      "integrity": "sha512-Cl4SUa9HAA35OFa2xQ8JVmhYX57FbFITp4c/lj+ffo5m8YmfNg6l+zgCm+Rzmam9sCYXSXUanVhSCXCVUsNBPA==",
      "requires": {}
    },
    "auto-bind": {
      "version": "4.0.0",
      "resolved": "https://registry.npmjs.org/auto-bind/-/auto-bind-4.0.0.tgz",
      "integrity": "sha512-Hdw8qdNiqdJ8LqT0iK0sVzkFbzg6fhnQqqfWhBDxcHZvU75+B+ayzTy8x+k5Ix0Y92XOhOUlx74ps+bA6BeYMQ=="
    },
    "jquery": {
      "version": "3.6.0",
      "resolved": "https://registry.npmjs.org/jquery/-/jquery-3.6.0.tgz",
      "integrity": "sha512-JVzAR/AjBvVt2BmYhxRCSYysDsPcssdmTFnzyLEts9qNwmjmu4JTAMYubEfwVOSwpQ1I1sKKFcxhZCI2buerfw=="
    },
    "jspsych": {
      "version": "7.2.1",
      "resolved": "https://registry.npmjs.org/jspsych/-/jspsych-7.2.1.tgz",
      "integrity": "sha512-226/vyFNL60WoLzS9tqZXm2xWD96+G5xIq7lVTOFWkGlkriqgCoWb+nzW+ZsA/z5wUk1qxsN8Ds4nnBrqFp8Hw==",
      "requires": {
        "auto-bind": "^4.0.0",
        "random-words": "^1.1.1",
        "seedrandom": "^3.0.5"
      }
    },
    "jspsych_social_association_learning_task": {
      "version": "0.0.2",
      "resolved": "https://registry.npmjs.org/jspsych_social_association_learning_task/-/jspsych_social_association_learning_task-0.0.2.tgz",
      "integrity": "sha512-ofoYLReSlQnE1WS9zLSc96CLDN2cwhtv7h/g0BwbJi0U6cQhD/eqRQ3g/WO27Ehy0RYQXJ3SC7QfBUYyUOqyhQ==",
      "requires": {
        "@jspsych/plugin-preload": "^1.1.0",
        "jspsych": "^7.2.1"
      }
    },
    "random-words": {
      "version": "1.1.2",
      "resolved": "https://registry.npmjs.org/random-words/-/random-words-1.1.2.tgz",
      "integrity": "sha512-GwgC+Yu+D5/044grf2QqaYk3ZrQip7yfgvkj/6bJ3H3B3KrE7qoNPbWaYd06hrigqAkrPzNVEpRlnBaNx4bDuA=="
    },
    "seedrandom": {
      "version": "3.0.5",
      "resolved": "https://registry.npmjs.org/seedrandom/-/seedrandom-3.0.5.tgz",
      "integrity": "sha512-8OwmbklUNzwezjGInmZ+2clQmExQPvomqjL7LFqOYqtmuxRgQYqOD3mHaU+MvZn5FLUeVxVfQjwLZW/n/JFuqg=="
    }
  }
}
